
Microsoft Visual Studio Solution File, Format Version 12.00
# Visual Studio Version 17
VisualStudioVersion = 17.7.34031.279
MinimumVisualStudioVersion = 10.0.40219.1
Project("{FAE04EC0-301F-11D3-BF4B-00C04F79EFBC}") = "Barcos", "Barcos\Barcos.csproj", "{6876E8C8-F81B-490D-BFE2-BE2ECEA06731}"
EndProject
Project("{9A19103F-16F7-4668-BE54-9A1E7A4F7556}") = "SocketServer", "..\SocketServer\SocketServer\SocketServer.csproj", "{B364DB52-EA4C-46CB-9670-9FD105F63562}"
EndProject
Global
	GlobalSection(SolutionConfigurationPlatforms) = preSolution
		Debug|Any CPU = Debug|Any CPU
		Release|Any CPU = Release|Any CPU
	EndGlobalSection
	GlobalSection(ProjectConfigurationPlatforms) = postSolution
		{6876E8C8-F81B-490D-BFE2-BE2ECEA06731}.Debug|Any CPU.ActiveCfg = Debug|Any CPU
		{6876E8C8-F81B-490D-BFE2-BE2ECEA06731}.Debug|Any CPU.Build.0 = Debug|Any CPU
		{6876E8C8-F81B-490D-BFE2-BE2ECEA06731}.Release|Any CPU.ActiveCfg = Release|Any CPU
		{6876E8C8-F81B-490D-BFE2-BE2ECEA06731}.Release|Any CPU.Build.0 = Release|Any CPU
		{B364DB52-EA4C-46CB-9670-9FD105F63562}.Debug|Any CPU.ActiveCfg = Debug|Any CPU
		{B364DB52-EA4C-46CB-9670-9FD105F63562}.Debug|Any CPU.Build.0 = Debug|Any CPU
		{B364DB52-EA4C-46CB-9670-9FD105F63562}.Release|Any CPU.ActiveCfg = Release|Any CPU
		{B364DB52-EA4C-46CB-9670-9FD105F63562}.Release|Any CPU.Build.0 = Release|Any CPU
	EndGlobalSection
	GlobalSection(SolutionProperties) = preSolution
		HideSolutionNode = FALSE
	EndGlobalSection
	GlobalSection(ExtensibilityGlobals) = postSolution
		SolutionGuid = {7DE48148-828A-428E-AA90-90C700278C54}
	EndGlobalSection
EndGlobal
